
Microsoft Visual Studio Solution File, Format Version 12.00
# Visual Studio 15
VisualStudioVersion = 15.0.27703.2000
MinimumVisualStudioVersion = 10.0.40219.1
Project("{FAE04EC0-301F-11D3-BF4B-00C04F79EFBC}") = "OnlineShop", "OnlineShop\OnlineShop.csproj", "{2B72410F-29B9-47D2-AC7F-95CCD57E066F}"
EndProject
Project("{FAE04EC0-301F-11D3-BF4B-00C04F79EFBC}") = "Model", "Model\Model.csproj", "{4C08DEA9-B124-4CD9-A55E-CCA1CC691F2D}"
EndProject
Global
	GlobalSection(SolutionConfigurationPlatforms) = preSolution
		Debug|Any CPU = Debug|Any CPU
		Release|Any CPU = Release|Any CPU
	EndGlobalSection
	GlobalSection(ProjectConfigurationPlatforms) = postSolution
		{2B72410F-29B9-47D2-AC7F-95CCD57E066F}.Debug|Any CPU.ActiveCfg = Debug|Any CPU
		{2B72410F-29B9-47D2-AC7F-95CCD57E066F}.Debug|Any CPU.Build.0 = Debug|Any CPU
		{2B72410F-29B9-47D2-AC7F-95CCD57E066F}.Release|Any CPU.ActiveCfg = Release|Any CPU
		{2B72410F-29B9-47D2-AC7F-95CCD57E066F}.Release|Any CPU.Build.0 = Release|Any CPU
		{4C08DEA9-B124-4CD9-A55E-CCA1CC691F2D}.Debug|Any CPU.ActiveCfg = Debug|Any CPU
		{4C08DEA9-B124-4CD9-A55E-CCA1CC691F2D}.Debug|Any CPU.Build.0 = Debug|Any CPU
		{4C08DEA9-B124-4CD9-A55E-CCA1CC691F2D}.Release|Any CPU.ActiveCfg = Release|Any CPU
		{4C08DEA9-B124-4CD9-A55E-CCA1CC691F2D}.Release|Any CPU.Build.0 = Release|Any CPU
	EndGlobalSection
	GlobalSection(SolutionProperties) = preSolution
		HideSolutionNode = FALSE
	EndGlobalSection
	GlobalSection(ExtensibilityGlobals) = postSolution
		SolutionGuid = {FFFFC1D1-18F2-4413-A9F5-ADDF0C643F9E}
	EndGlobalSection
EndGlobal
